// !$*UTF8*$!
{
	archiveVersion = 1;
	classes = {
	};
	objectVersion = 56;
	objects = {

/* Begin PBXBuildFile section */
		8EFF4B672D95DE2000DDAC36 /* BrevisHotkeysAppApp.swift in Sources */ = {isa = PBXBuildFile; fileRef = 8EFF4B662D95DE2000DDAC36 /* BrevisHotkeysAppApp.swift */; };
		8EFF4B692D95DE2000DDAC36 /* ContentView.swift in Sources */ = {isa = PBXBuildFile; fileRef = 8EFF4B682D95DE2000DDAC36 /* ContentView.swift */; };
		8EFF4B6B2D95DE2100DDAC36 /* Assets.xcassets in Resources */ = {isa = PBXBuildFile; fileRef = 8EFF4B6A2D95DE2100DDAC36 /* Assets.xcassets */; };
		8EFF4B6E2D95DE2100DDAC36 /* Preview Assets.xcassets in Resources */ = {isa = PBXBuildFile; fileRef = 8EFF4B6D2D95DE2100DDAC36 /* Preview Assets.xcassets */; };
		8EFF4B792D95DE8B00DDAC36 /* HotkeyModel.swift in Sources */ = {isa = PBXBuildFile; fileRef = 8EFF4B782D95DE8B00DDAC36 /* HotkeyModel.swift */; };
		8EFF4B7B2D95DEF600DDAC36 /* Modifier.swift in Sources */ = {isa = PBXBuildFile; fileRef = 8EFF4B7A2D95DEF600DDAC36 /* Modifier.swift */; };
		8EFF4B7D2D95E09C00DDAC36 /* HotkeyCategoryModel.swift in Sources */ = {isa = PBXBuildFile; fileRef = 8EFF4B7C2D95E09C00DDAC36 /* HotkeyCategoryModel.swift */; };
		8EFF4B7F2D95E0F300DDAC36 /* HotkeyCategoryViewModel.swift in Sources */ = {isa = PBXBuildFile; fileRef = 8EFF4B7E2D95E0F300DDAC36 /* HotkeyCategoryViewModel.swift */; };
		8EFF4B812D95E4C100DDAC36 /* MainView.swift in Sources */ = {isa = PBXBuildFile; fileRef = 8EFF4B802D95E4C100DDAC36 /* MainView.swift */; };
		8EFF4B832D95E5B500DDAC36 /* HotKeySectionView.swift in Sources */ = {isa = PBXBuildFile; fileRef = 8EFF4B822D95E5B500DDAC36 /* HotKeySectionView.swift */; };
		8EFF4B852D95E7EF00DDAC36 /* HotKeyRowView.swift in Sources */ = {isa = PBXBuildFile; fileRef = 8EFF4B842D95E7EF00DDAC36 /* HotKeyRowView.swift */; };
		8EFF4B872D95EA2100DDAC36 /* KeySymbolView.swift in Sources */ = {isa = PBXBuildFile; fileRef = 8EFF4B862D95EA2100DDAC36 /* KeySymbolView.swift */; };
/* End PBXBuildFile section */

/* Begin PBXFileReference section */
		8EFF4B632D95DE2000DDAC36 /* BrevisHotkeysApp.app */ = {isa = PBXFileReference; explicitFileType = wrapper.application; includeInIndex = 0; path = BrevisHotkeysApp.app; sourceTree = BUILT_PRODUCTS_DIR; };
		8EFF4B662D95DE2000DDAC36 /* BrevisHotkeysAppApp.swift */ = {isa = PBXFileReference; lastKnownFileType = sourcecode.swift; path = BrevisHotkeysAppApp.swift; sourceTree = "<group>"; };
		8EFF4B682D95DE2000DDAC36 /* ContentView.swift */ = {isa = PBXFileReference; lastKnownFileType = sourcecode.swift; path = ContentView.swift; sourceTree = "<group>"; };
		8EFF4B6A2D95DE2100DDAC36 /* Assets.xcassets */ = {isa = PBXFileReference; lastKnownFileType = folder.assetcatalog; path = Assets.xcassets; sourceTree = "<group>"; };
		8EFF4B6D2D95DE2100DDAC36 /* Preview Assets.xcassets */ = {isa = PBXFileReference; lastKnownFileType = folder.assetcatalog; path = "Preview Assets.xcassets"; sourceTree = "<group>"; };
		8EFF4B782D95DE8B00DDAC36 /* HotkeyModel.swift */ = {isa = PBXFileReference; lastKnownFileType = sourcecode.swift; path = HotkeyModel.swift; sourceTree = "<group>"; };
		8EFF4B7A2D95DEF600DDAC36 /* Modifier.swift */ = {isa = PBXFileReference; lastKnownFileType = sourcecode.swift; path = Modifier.swift; sourceTree = "<group>"; };
		8EFF4B7C2D95E09C00DDAC36 /* HotkeyCategoryModel.swift */ = {isa = PBXFileReference; lastKnownFileType = sourcecode.swift; path = HotkeyCategoryModel.swift; sourceTree = "<group>"; };
		8EFF4B7E2D95E0F300DDAC36 /* HotkeyCategoryViewModel.swift */ = {isa = PBXFileReference; lastKnownFileType = sourcecode.swift; path = HotkeyCategoryViewModel.swift; sourceTree = "<group>"; };
		8EFF4B802D95E4C100DDAC36 /* MainView.swift */ = {isa = PBXFileReference; lastKnownFileType = sourcecode.swift; name = MainView.swift; path = BrevisHotkeysApp/View/MainView.swift; sourceTree = SOURCE_ROOT; };
		8EFF4B822D95E5B500DDAC36 /* HotKeySectionView.swift */ = {isa = PBXFileReference; lastKnownFileType = sourcecode.swift; path = HotKeySectionView.swift; sourceTree = "<group>"; };
		8EFF4B842D95E7EF00DDAC36 /* HotKeyRowView.swift */ = {isa = PBXFileReference; lastKnownFileType = sourcecode.swift; path = HotKeyRowView.swift; sourceTree = "<group>"; };
		8EFF4B862D95EA2100DDAC36 /* KeySymbolView.swift */ = {isa = PBXFileReference; lastKnownFileType = sourcecode.swift; path = KeySymbolView.swift; sourceTree = "<group>"; };
/* End PBXFileReference section */

/* Begin PBXFrameworksBuildPhase section */
		8EFF4B602D95DE2000DDAC36 /* Frameworks */ = {
			isa = PBXFrameworksBuildPhase;
			buildActionMask = 2147483647;
			files = (
			);
			runOnlyForDeploymentPostprocessing = 0;
		};
/* End PBXFrameworksBuildPhase section */

/* Begin PBXGroup section */
		8EFF4B5A2D95DE2000DDAC36 = {
			isa = PBXGroup;
			children = (
				8EFF4B652D95DE2000DDAC36 /* BrevisHotkeysApp */,
				8EFF4B642D95DE2000DDAC36 /* Products */,
			);
			sourceTree = "<group>";
		};
		8EFF4B642D95DE2000DDAC36 /* Products */ = {
			isa = PBXGroup;
			children = (
				8EFF4B632D95DE2000DDAC36 /* BrevisHotkeysApp.app */,
			);
			name = Products;
			sourceTree = "<group>";
		};
		8EFF4B652D95DE2000DDAC36 /* BrevisHotkeysApp */ = {
			isa = PBXGroup;
			children = (
				8EFF4B772D95DE7F00DDAC36 /* Settings */,
				8EFF4B762D95DE7A00DDAC36 /* View */,
				8EFF4B662D95DE2000DDAC36 /* BrevisHotkeysAppApp.swift */,
				8EFF4B682D95DE2000DDAC36 /* ContentView.swift */,
				8EFF4B752D95DE5F00DDAC36 /* ViewModel */,
				8EFF4B742D95DE5000DDAC36 /* Model */,
				8EFF4B6A2D95DE2100DDAC36 /* Assets.xcassets */,
				8EFF4B6C2D95DE2100DDAC36 /* Preview Content */,
			);
			path = BrevisHotkeysApp;
			sourceTree = "<group>";
		};
		8EFF4B6C2D95DE2100DDAC36 /* Preview Content */ = {
			isa = PBXGroup;
			children = (
				8EFF4B6D2D95DE2100DDAC36 /* Preview Assets.xcassets */,
			);
			path = "Preview Content";
			sourceTree = "<group>";
		};
		8EFF4B742D95DE5000DDAC36 /* Model */ = {
			isa = PBXGroup;
			children = (
				8EFF4B782D95DE8B00DDAC36 /* HotkeyModel.swift */,
				8EFF4B7C2D95E09C00DDAC36 /* HotkeyCategoryModel.swift */,
				8EFF4B7A2D95DEF600DDAC36 /* Modifier.swift */,
			);
			path = Model;
			sourceTree = "<group>";
		};
		8EFF4B752D95DE5F00DDAC36 /* ViewModel */ = {
			isa = PBXGroup;
			children = (
				8EFF4B7E2D95E0F300DDAC36 /* HotkeyCategoryViewModel.swift */,
			);
			path = ViewModel;
			sourceTree = "<group>";
		};
		8EFF4B762D95DE7A00DDAC36 /* View */ = {
			isa = PBXGroup;
			children = (
				8EFF4B802D95E4C100DDAC36 /* MainView.swift */,
				8EFF4B822D95E5B500DDAC36 /* HotKeySectionView.swift */,
				8EFF4B842D95E7EF00DDAC36 /* HotKeyRowView.swift */,
				8EFF4B862D95EA2100DDAC36 /* KeySymbolView.swift */,
			);
			path = View;
			sourceTree = "<group>";
		};
		8EFF4B772D95DE7F00DDAC36 /* Settings */ = {
			isa = PBXGroup;
			children = (
			);
			path = Settings;
			sourceTree = "<group>";
		};
/* End PBXGroup section */

/* Begin PBXNativeTarget section */
		8EFF4B622D95DE2000DDAC36 /* BrevisHotkeysApp */ = {
			isa = PBXNativeTarget;
			buildConfigurationList = 8EFF4B712D95DE2100DDAC36 /* Build configuration list for PBXNativeTarget "BrevisHotkeysApp" */;
			buildPhases = (
				8EFF4B5F2D95DE2000DDAC36 /* Sources */,
				8EFF4B602D95DE2000DDAC36 /* Frameworks */,
				8EFF4B612D95DE2000DDAC36 /* Resources */,
			);
			buildRules = (
			);
			dependencies = (
			);
			name = BrevisHotkeysApp;
			productName = BrevisHotkeysApp;
			productReference = 8EFF4B632D95DE2000DDAC36 /* BrevisHotkeysApp.app */;
			productType = "com.apple.product-type.application";
		};
/* End PBXNativeTarget section */

/* Begin PBXProject section */
		8EFF4B5B2D95DE2000DDAC36 /* Project object */ = {
			isa = PBXProject;
			attributes = {
				BuildIndependentTargetsInParallel = 1;
				LastSwiftUpdateCheck = 1430;
				LastUpgradeCheck = 1430;
				TargetAttributes = {
					8EFF4B622D95DE2000DDAC36 = {
						CreatedOnToolsVersion = 14.3.1;
					};
				};
			};
			buildConfigurationList = 8EFF4B5E2D95DE2000DDAC36 /* Build configuration list for PBXProject "BrevisHotkeysApp" */;
			compatibilityVersion = "Xcode 14.0";
			developmentRegion = en;
			hasScannedForEncodings = 0;
			knownRegions = (
				en,
				Base,
			);
			mainGroup = 8EFF4B5A2D95DE2000DDAC36;
			productRefGroup = 8EFF4B642D95DE2000DDAC36 /* Products */;
			projectDirPath = "";
			projectRoot = "";
			targets = (
				8EFF4B622D95DE2000DDAC36 /* BrevisHotkeysApp */,
			);
		};
/* End PBXProject section */

/* Begin PBXResourcesBuildPhase section */
		8EFF4B612D95DE2000DDAC36 /* Resources */ = {
			isa = PBXResourcesBuildPhase;
			buildActionMask = 2147483647;
			files = (
				8EFF4B6E2D95DE2100DDAC36 /* Preview Assets.xcassets in Resources */,
				8EFF4B6B2D95DE2100DDAC36 /* Assets.xcassets in Resources */,
			);
			runOnlyForDeploymentPostprocessing = 0;
		};
/* End PBXResourcesBuildPhase section */

/* Begin PBXSourcesBuildPhase section */
		8EFF4B5F2D95DE2000DDAC36 /* Sources */ = {
			isa = PBXSourcesBuildPhase;
			buildActionMask = 2147483647;
			files = (
				8EFF4B7B2D95DEF600DDAC36 /* Modifier.swift in Sources */,
				8EFF4B812D95E4C100DDAC36 /* MainView.swift in Sources */,
				8EFF4B852D95E7EF00DDAC36 /* HotKeyRowView.swift in Sources */,
				8EFF4B792D95DE8B00DDAC36 /* HotkeyModel.swift in Sources */,
				8EFF4B7F2D95E0F300DDAC36 /* HotkeyCategoryViewModel.swift in Sources */,
				8EFF4B692D95DE2000DDAC36 /* ContentView.swift in Sources */,
				8EFF4B672D95DE2000DDAC36 /* BrevisHotkeysAppApp.swift in Sources */,
				8EFF4B832D95E5B500DDAC36 /* HotKeySectionView.swift in Sources */,
				8EFF4B872D95EA2100DDAC36 /* KeySymbolView.swift in Sources */,
				8EFF4B7D2D95E09C00DDAC36 /* HotkeyCategoryModel.swift in Sources */,
			);
			runOnlyForDeploymentPostprocessing = 0;
		};
/* End PBXSourcesBuildPhase section */

/* Begin XCBuildConfiguration section */
		8EFF4B6F2D95DE2100DDAC36 /* Debug */ = {
			isa = XCBuildConfiguration;
			buildSettings = {
				ALWAYS_SEARCH_USER_PATHS = NO;
				CLANG_ANALYZER_NONNULL = YES;
				CLANG_ANALYZER_NUMBER_OBJECT_CONVERSION = YES_AGGRESSIVE;
				CLANG_CXX_LANGUAGE_STANDARD = "gnu++20";
				CLANG_ENABLE_MODULES = YES;
				CLANG_ENABLE_OBJC_ARC = YES;
				CLANG_ENABLE_OBJC_WEAK = YES;
				CLANG_WARN_BLOCK_CAPTURE_AUTORELEASING = YES;
				CLANG_WARN_BOOL_CONVERSION = YES;
				CLANG_WARN_COMMA = YES;
				CLANG_WARN_CONSTANT_CONVERSION = YES;
				CLANG_WARN_DEPRECATED_OBJC_IMPLEMENTATIONS = YES;
				CLANG_WARN_DIRECT_OBJC_ISA_USAGE = YES_ERROR;
				CLANG_WARN_DOCUMENTATION_COMMENTS = YES;
				CLANG_WARN_EMPTY_BODY = YES;
				CLANG_WARN_ENUM_CONVERSION = YES;
				CLANG_WARN_INFINITE_RECURSION = YES;
				CLANG_WARN_INT_CONVERSION = YES;
				CLANG_WARN_NON_LITERAL_NULL_CONVERSION = YES;
				CLANG_WARN_OBJC_IMPLICIT_RETAIN_SELF = YES;
				CLANG_WARN_OBJC_LITERAL_CONVERSION = YES;
				CLANG_WARN_OBJC_ROOT_CLASS = YES_ERROR;
				CLANG_WARN_QUOTED_INCLUDE_IN_FRAMEWORK_HEADER = YES;
				CLANG_WARN_RANGE_LOOP_ANALYSIS = YES;
				CLANG_WARN_STRICT_PROTOTYPES = YES;
				CLANG_WARN_SUSPICIOUS_MOVE = YES;
				CLANG_WARN_UNGUARDED_AVAILABILITY = YES_AGGRESSIVE;
				CLANG_WARN_UNREACHABLE_CODE = YES;
				CLANG_WARN__DUPLICATE_METHOD_MATCH = YES;
				COPY_PHASE_STRIP = NO;
				DEBUG_INFORMATION_FORMAT = dwarf;
				ENABLE_STRICT_OBJC_MSGSEND = YES;
				ENABLE_TESTABILITY = YES;
				GCC_C_LANGUAGE_STANDARD = gnu11;
				GCC_DYNAMIC_NO_PIC = NO;
				GCC_NO_COMMON_BLOCKS = YES;
				GCC_OPTIMIZATION_LEVEL = 0;
				GCC_PREPROCESSOR_DEFINITIONS = (
					"DEBUG=1",
					"$(inherited)",
				);
				GCC_WARN_64_TO_32_BIT_CONVERSION = YES;
				GCC_WARN_ABOUT_RETURN_TYPE = YES_ERROR;
				GCC_WARN_UNDECLARED_SELECTOR = YES;
				GCC_WARN_UNINITIALIZED_AUTOS = YES_AGGRESSIVE;
				GCC_WARN_UNUSED_FUNCTION = YES;
				GCC_WARN_UNUSED_VARIABLE = YES;
				IPHONEOS_DEPLOYMENT_TARGET = 16.4;
				MTL_ENABLE_DEBUG_INFO = INCLUDE_SOURCE;
				MTL_FAST_MATH = YES;
				ONLY_ACTIVE_ARCH = YES;
				SDKROOT = iphoneos;
				SWIFT_ACTIVE_COMPILATION_CONDITIONS = DEBUG;
				SWIFT_OPTIMIZATION_LEVEL = "-Onone";
			};
			name = Debug;
		};
		8EFF4B702D95DE2100DDAC36 /* Release */ = {
			isa = XCBuildConfiguration;
			buildSettings = {
				ALWAYS_SEARCH_USER_PATHS = NO;
				CLANG_ANALYZER_NONNULL = YES;
				CLANG_ANALYZER_NUMBER_OBJECT_CONVERSION = YES_AGGRESSIVE;
				CLANG_CXX_LANGUAGE_STANDARD = "gnu++20";
				CLANG_ENABLE_MODULES = YES;
				CLANG_ENABLE_OBJC_ARC = YES;
				CLANG_ENABLE_OBJC_WEAK = YES;
				CLANG_WARN_BLOCK_CAPTURE_AUTORELEASING = YES;
				CLANG_WARN_BOOL_CONVERSION = YES;
				CLANG_WARN_COMMA = YES;
				CLANG_WARN_CONSTANT_CONVERSION = YES;
				CLANG_WARN_DEPRECATED_OBJC_IMPLEMENTATIONS = YES;
				CLANG_WARN_DIRECT_OBJC_ISA_USAGE = YES_ERROR;
				CLANG_WARN_DOCUMENTATION_COMMENTS = YES;
				CLANG_WARN_EMPTY_BODY = YES;
				CLANG_WARN_ENUM_CONVERSION = YES;
				CLANG_WARN_INFINITE_RECURSION = YES;
				CLANG_WARN_INT_CONVERSION = YES;
				CLANG_WARN_NON_LITERAL_NULL_CONVERSION = YES;
				CLANG_WARN_OBJC_IMPLICIT_RETAIN_SELF = YES;
				CLANG_WARN_OBJC_LITERAL_CONVERSION = YES;
				CLANG_WARN_OBJC_ROOT_CLASS = YES_ERROR;
				CLANG_WARN_QUOTED_INCLUDE_IN_FRAMEWORK_HEADER = YES;
				CLANG_WARN_RANGE_LOOP_ANALYSIS = YES;
				CLANG_WARN_STRICT_PROTOTYPES = YES;
				CLANG_WARN_SUSPICIOUS_MOVE = YES;
				CLANG_WARN_UNGUARDED_AVAILABILITY = YES_AGGRESSIVE;
				CLANG_WARN_UNREACHABLE_CODE = YES;
				CLANG_WARN__DUPLICATE_METHOD_MATCH = YES;
				COPY_PHASE_STRIP = NO;
				DEBUG_INFORMATION_FORMAT = "dwarf-with-dsym";
				ENABLE_NS_ASSERTIONS = NO;
				ENABLE_STRICT_OBJC_MSGSEND = YES;
				GCC_C_LANGUAGE_STANDARD = gnu11;
				GCC_NO_COMMON_BLOCKS = YES;
				GCC_WARN_64_TO_32_BIT_CONVERSION = YES;
				GCC_WARN_ABOUT_RETURN_TYPE = YES_ERROR;
				GCC_WARN_UNDECLARED_SELECTOR = YES;
				GCC_WARN_UNINITIALIZED_AUTOS = YES_AGGRESSIVE;
				GCC_WARN_UNUSED_FUNCTION = YES;
				GCC_WARN_UNUSED_VARIABLE = YES;
				IPHONEOS_DEPLOYMENT_TARGET = 16.4;
				MTL_ENABLE_DEBUG_INFO = NO;
				MTL_FAST_MATH = YES;
				SDKROOT = iphoneos;
				SWIFT_COMPILATION_MODE = wholemodule;
				SWIFT_OPTIMIZATION_LEVEL = "-O";
				VALIDATE_PRODUCT = YES;
			};
			name = Release;
		};
		8EFF4B722D95DE2100DDAC36 /* Debug */ = {
			isa = XCBuildConfiguration;
			buildSettings = {
				ASSETCATALOG_COMPILER_APPICON_NAME = AppIcon;
				ASSETCATALOG_COMPILER_GLOBAL_ACCENT_COLOR_NAME = AccentColor;
				CODE_SIGN_STYLE = Automatic;
				CURRENT_PROJECT_VERSION = 1;
				DEVELOPMENT_ASSET_PATHS = "\"BrevisHotkeysApp/Preview Content\"";
				DEVELOPMENT_TEAM = 5AZ59LLP74;
				ENABLE_PREVIEWS = YES;
				GENERATE_INFOPLIST_FILE = YES;
				INFOPLIST_KEY_UIApplicationSceneManifest_Generation = YES;
				INFOPLIST_KEY_UIApplicationSupportsIndirectInputEvents = YES;
				INFOPLIST_KEY_UILaunchScreen_Generation = YES;
				INFOPLIST_KEY_UISupportedInterfaceOrientations_iPad = "UIInterfaceOrientationPortrait UIInterfaceOrientationPortraitUpsideDown UIInterfaceOrientationLandscapeLeft UIInterfaceOrientationLandscapeRight";
				INFOPLIST_KEY_UISupportedInterfaceOrientations_iPhone = "UIInterfaceOrientationPortrait UIInterfaceOrientationLandscapeLeft UIInterfaceOrientationLandscapeRight";
				LD_RUNPATH_SEARCH_PATHS = (
					"$(inherited)",
					"@executable_path/Frameworks",
				);
				MARKETING_VERSION = 1.0;
				PRODUCT_BUNDLE_IDENTIFIER = ru.yandex.practicum.tracker.BrevisHotkeysApp;
				PRODUCT_NAME = "$(TARGET_NAME)";
				SWIFT_EMIT_LOC_STRINGS = YES;
				SWIFT_VERSION = 5.0;
				TARGETED_DEVICE_FAMILY = "1,2";
			};
			name = Debug;
		};
		8EFF4B732D95DE2100DDAC36 /* Release */ = {
			isa = XCBuildConfiguration;
			buildSettings = {
				ASSETCATALOG_COMPILER_APPICON_NAME = AppIcon;
				ASSETCATALOG_COMPILER_GLOBAL_ACCENT_COLOR_NAME = AccentColor;
				CODE_SIGN_STYLE = Automatic;
				CURRENT_PROJECT_VERSION = 1;
				DEVELOPMENT_ASSET_PATHS = "\"BrevisHotkeysApp/Preview Content\"";
				DEVELOPMENT_TEAM = 5AZ59LLP74;
				ENABLE_PREVIEWS = YES;
				GENERATE_INFOPLIST_FILE = YES;
				INFOPLIST_KEY_UIApplicationSceneManifest_Generation = YES;
				INFOPLIST_KEY_UIApplicationSupportsIndirectInputEvents = YES;
				INFOPLIST_KEY_UILaunchScreen_Generation = YES;
				INFOPLIST_KEY_UISupportedInterfaceOrientations_iPad = "UIInterfaceOrientationPortrait UIInterfaceOrientationPortraitUpsideDown UIInterfaceOrientationLandscapeLeft UIInterfaceOrientationLandscapeRight";
				INFOPLIST_KEY_UISupportedInterfaceOrientations_iPhone = "UIInterfaceOrientationPortrait UIInterfaceOrientationLandscapeLeft UIInterfaceOrientationLandscapeRight";
				LD_RUNPATH_SEARCH_PATHS = (
					"$(inherited)",
					"@executable_path/Frameworks",
				);
				MARKETING_VERSION = 1.0;
				PRODUCT_BUNDLE_IDENTIFIER = ru.yandex.practicum.tracker.BrevisHotkeysApp;
				PRODUCT_NAME = "$(TARGET_NAME)";
				SWIFT_EMIT_LOC_STRINGS = YES;
				SWIFT_VERSION = 5.0;
				TARGETED_DEVICE_FAMILY = "1,2";
			};
			name = Release;
		};
/* End XCBuildConfiguration section */

/* Begin XCConfigurationList section */
		8EFF4B5E2D95DE2000DDAC36 /* Build configuration list for PBXProject "BrevisHotkeysApp" */ = {
			isa = XCConfigurationList;
			buildConfigurations = (
				8EFF4B6F2D95DE2100DDAC36 /* Debug */,
				8EFF4B702D95DE2100DDAC36 /* Release */,
			);
			defaultConfigurationIsVisible = 0;
			defaultConfigurationName = Release;
		};
		8EFF4B712D95DE2100DDAC36 /* Build configuration list for PBXNativeTarget "BrevisHotkeysApp" */ = {
			isa = XCConfigurationList;
			buildConfigurations = (
				8EFF4B722D95DE2100DDAC36 /* Debug */,
				8EFF4B732D95DE2100DDAC36 /* Release */,
			);
			defaultConfigurationIsVisible = 0;
			defaultConfigurationName = Release;
		};
/* End XCConfigurationList section */
	};
	rootObject = 8EFF4B5B2D95DE2000DDAC36 /* Project object */;
}
